// !$*UTF8*$!
{
	archiveVersion = 1;
	classes = {
	};
	objectVersion = 56;
	objects = {

/* Begin PBXBuildFile section */
		630AF5E92A1042ED007F5AA7 /* SettingsController.swift in Sources */ = {isa = PBXBuildFile; fileRef = 630AF5E82A1042ED007F5AA7 /* SettingsController.swift */; };
		630E17362A12DA0D00C405C5 /* Notification.swift in Sources */ = {isa = PBXBuildFile; fileRef = 630E17352A12DA0C00C405C5 /* Notification.swift */; };
		6335E6302A0FE08B00B8FD3D /* GoogleService-Info.plist in Resources */ = {isa = PBXBuildFile; fileRef = 6335E62F2A0FE08B00B8FD3D /* GoogleService-Info.plist */; };
		634914762A0920BD005FC067 /* APICaller.swift in Sources */ = {isa = PBXBuildFile; fileRef = 634914752A0920BD005FC067 /* APICaller.swift */; };
		634914782A093163005FC067 /* APIBooks.swift in Sources */ = {isa = PBXBuildFile; fileRef = 634914772A093163005FC067 /* APIBooks.swift */; };
		6349147A2A093192005FC067 /* APIBook.swift in Sources */ = {isa = PBXBuildFile; fileRef = 634914792A093192005FC067 /* APIBook.swift */; };
		6349147D2A094157005FC067 /* .gitignore in Resources */ = {isa = PBXBuildFile; fileRef = 6349147C2A094157005FC067 /* .gitignore */; };
		634914812A09477B005FC067 /* BookHandler.swift in Sources */ = {isa = PBXBuildFile; fileRef = 634914802A09477B005FC067 /* BookHandler.swift */; };
		634914842A098A34005FC067 /* UserSearchCollectionViewCell.swift in Sources */ = {isa = PBXBuildFile; fileRef = 634914822A098A34005FC067 /* UserSearchCollectionViewCell.swift */; };
		634914872A098E77005FC067 /* Extensions.swift in Sources */ = {isa = PBXBuildFile; fileRef = 634914862A098E77005FC067 /* Extensions.swift */; };
		6349148E2A09AED5005FC067 /* SDWebImage in Frameworks */ = {isa = PBXBuildFile; productRef = 6349148D2A09AED5005FC067 /* SDWebImage */; };
		635D4E822A0AC81D006E0E6F /* ProfileController.swift in Sources */ = {isa = PBXBuildFile; fileRef = 635D4E812A0AC81D006E0E6F /* ProfileController.swift */; };
		6382B0692A083891004AA6D2 /* AppDelegate.swift in Sources */ = {isa = PBXBuildFile; fileRef = 6382B0682A083891004AA6D2 /* AppDelegate.swift */; };
		6382B06B2A083891004AA6D2 /* SceneDelegate.swift in Sources */ = {isa = PBXBuildFile; fileRef = 6382B06A2A083891004AA6D2 /* SceneDelegate.swift */; };
		6382B06D2A083891004AA6D2 /* HomeController.swift in Sources */ = {isa = PBXBuildFile; fileRef = 6382B06C2A083891004AA6D2 /* HomeController.swift */; };
		6382B0722A083894004AA6D2 /* Assets.xcassets in Resources */ = {isa = PBXBuildFile; fileRef = 6382B0712A083894004AA6D2 /* Assets.xcassets */; };
		6382B0752A083894004AA6D2 /* LaunchScreen.storyboard in Resources */ = {isa = PBXBuildFile; fileRef = 6382B0732A083894004AA6D2 /* LaunchScreen.storyboard */; };
		6382B0802A083895004AA6D2 /* BookScannerTests.swift in Sources */ = {isa = PBXBuildFile; fileRef = 6382B07F2A083895004AA6D2 /* BookScannerTests.swift */; };
		6382B08A2A083895004AA6D2 /* BookScannerUITests.swift in Sources */ = {isa = PBXBuildFile; fileRef = 6382B0892A083895004AA6D2 /* BookScannerUITests.swift */; };
		6382B08C2A083895004AA6D2 /* BookScannerUITestsLaunchTests.swift in Sources */ = {isa = PBXBuildFile; fileRef = 6382B08B2A083895004AA6D2 /* BookScannerUITestsLaunchTests.swift */; };
		6382B09B2A0844E8004AA6D2 /* ScannerViewController.swift in Sources */ = {isa = PBXBuildFile; fileRef = 6382B09A2A0844E8004AA6D2 /* ScannerViewController.swift */; };
		6382B09D2A084520004AA6D2 /* TabBarController.swift in Sources */ = {isa = PBXBuildFile; fileRef = 6382B09C2A084520004AA6D2 /* TabBarController.swift */; };
		63840AC92A0CEE280042D37C /* User.swift in Sources */ = {isa = PBXBuildFile; fileRef = 63840AC82A0CEE280042D37C /* User.swift */; };
		63B5E2CE2A0D0572005E6295 /* Book.swift in Sources */ = {isa = PBXBuildFile; fileRef = 63B5E2CD2A0D0572005E6295 /* Book.swift */; };
		63F0BFCA2A0BD96C000B7E6A /* DatabaseHandler.swift in Sources */ = {isa = PBXBuildFile; fileRef = 63F0BFC92A0BD96C000B7E6A /* DatabaseHandler.swift */; };
		63F0BFCF2A0BE7E4000B7E6A /* FirebaseAuth in Frameworks */ = {isa = PBXBuildFile; productRef = 63F0BFCE2A0BE7E3000B7E6A /* FirebaseAuth */; };
		63F0BFD12A0BE7E4000B7E6A /* FirebaseFirestoreSwift in Frameworks */ = {isa = PBXBuildFile; productRef = 63F0BFD02A0BE7E4000B7E6A /* FirebaseFirestoreSwift */; };
		63F0BFD32A0BE7E4000B7E6A /* FirebaseStorage in Frameworks */ = {isa = PBXBuildFile; productRef = 63F0BFD22A0BE7E4000B7E6A /* FirebaseStorage */; };
		63F0BFD72A0BF0F2000B7E6A /* SignUpController.swift in Sources */ = {isa = PBXBuildFile; fileRef = 63F0BFD62A0BF0F2000B7E6A /* SignUpController.swift */; };
		63F0BFD92A0BF118000B7E6A /* SignInController.swift in Sources */ = {isa = PBXBuildFile; fileRef = 63F0BFD82A0BF118000B7E6A /* SignInController.swift */; };
		63FCA7F32A0D98E9005F8E8D /* SearchViewController.swift in Sources */ = {isa = PBXBuildFile; fileRef = 63FCA7F22A0D98E9005F8E8D /* SearchViewController.swift */; };
/* End PBXBuildFile section */

/* Begin PBXContainerItemProxy section */
		6382B07C2A083894004AA6D2 /* PBXContainerItemProxy */ = {
			isa = PBXContainerItemProxy;
			containerPortal = 6382B05D2A083891004AA6D2 /* Project object */;
			proxyType = 1;
			remoteGlobalIDString = 6382B0642A083891004AA6D2;
			remoteInfo = BookScanner;
		};
		6382B0862A083895004AA6D2 /* PBXContainerItemProxy */ = {
			isa = PBXContainerItemProxy;
			containerPortal = 6382B05D2A083891004AA6D2 /* Project object */;
			proxyType = 1;
			remoteGlobalIDString = 6382B0642A083891004AA6D2;
			remoteInfo = BookScanner;
		};
/* End PBXContainerItemProxy section */

/* Begin PBXFileReference section */
		630AF5E82A1042ED007F5AA7 /* SettingsController.swift */ = {isa = PBXFileReference; lastKnownFileType = sourcecode.swift; path = SettingsController.swift; sourceTree = "<group>"; };
		630E17352A12DA0C00C405C5 /* Notification.swift */ = {isa = PBXFileReference; lastKnownFileType = sourcecode.swift; path = Notification.swift; sourceTree = "<group>"; };
		6335E62F2A0FE08B00B8FD3D /* GoogleService-Info.plist */ = {isa = PBXFileReference; fileEncoding = 4; lastKnownFileType = text.plist.xml; path = "GoogleService-Info.plist"; sourceTree = "<group>"; };
		634914752A0920BD005FC067 /* APICaller.swift */ = {isa = PBXFileReference; lastKnownFileType = sourcecode.swift; path = APICaller.swift; sourceTree = "<group>"; };
		634914772A093163005FC067 /* APIBooks.swift */ = {isa = PBXFileReference; lastKnownFileType = sourcecode.swift; path = APIBooks.swift; sourceTree = "<group>"; };
		634914792A093192005FC067 /* APIBook.swift */ = {isa = PBXFileReference; lastKnownFileType = sourcecode.swift; path = APIBook.swift; sourceTree = "<group>"; };
		6349147B2A093FDD005FC067 /* Secrets.xcconfig */ = {isa = PBXFileReference; lastKnownFileType = text.xcconfig; path = Secrets.xcconfig; sourceTree = "<group>"; };
		6349147C2A094157005FC067 /* .gitignore */ = {isa = PBXFileReference; fileEncoding = 4; lastKnownFileType = text; path = .gitignore; sourceTree = "<group>"; };
		634914802A09477B005FC067 /* BookHandler.swift */ = {isa = PBXFileReference; lastKnownFileType = sourcecode.swift; path = BookHandler.swift; sourceTree = "<group>"; };
		634914822A098A34005FC067 /* UserSearchCollectionViewCell.swift */ = {isa = PBXFileReference; lastKnownFileType = sourcecode.swift; path = UserSearchCollectionViewCell.swift; sourceTree = "<group>"; };
		634914862A098E77005FC067 /* Extensions.swift */ = {isa = PBXFileReference; lastKnownFileType = sourcecode.swift; path = Extensions.swift; sourceTree = "<group>"; };
		635D4E812A0AC81D006E0E6F /* ProfileController.swift */ = {isa = PBXFileReference; lastKnownFileType = sourcecode.swift; path = ProfileController.swift; sourceTree = "<group>"; };
		6382B0652A083891004AA6D2 /* BookScanner.app */ = {isa = PBXFileReference; explicitFileType = wrapper.application; includeInIndex = 0; path = BookScanner.app; sourceTree = BUILT_PRODUCTS_DIR; };
		6382B0682A083891004AA6D2 /* AppDelegate.swift */ = {isa = PBXFileReference; lastKnownFileType = sourcecode.swift; path = AppDelegate.swift; sourceTree = "<group>"; };
		6382B06A2A083891004AA6D2 /* SceneDelegate.swift */ = {isa = PBXFileReference; lastKnownFileType = sourcecode.swift; path = SceneDelegate.swift; sourceTree = "<group>"; };
		6382B06C2A083891004AA6D2 /* HomeController.swift */ = {isa = PBXFileReference; lastKnownFileType = sourcecode.swift; path = HomeController.swift; sourceTree = "<group>"; };
		6382B0712A083894004AA6D2 /* Assets.xcassets */ = {isa = PBXFileReference; lastKnownFileType = folder.assetcatalog; path = Assets.xcassets; sourceTree = "<group>"; };
		6382B0742A083894004AA6D2 /* Base */ = {isa = PBXFileReference; lastKnownFileType = file.storyboard; name = Base; path = Base.lproj/LaunchScreen.storyboard; sourceTree = "<group>"; };
		6382B0762A083894004AA6D2 /* Info.plist */ = {isa = PBXFileReference; lastKnownFileType = text.plist.xml; path = Info.plist; sourceTree = "<group>"; };
		6382B07B2A083894004AA6D2 /* BookScannerTests.xctest */ = {isa = PBXFileReference; explicitFileType = wrapper.cfbundle; includeInIndex = 0; path = BookScannerTests.xctest; sourceTree = BUILT_PRODUCTS_DIR; };
		6382B07F2A083895004AA6D2 /* BookScannerTests.swift */ = {isa = PBXFileReference; lastKnownFileType = sourcecode.swift; path = BookScannerTests.swift; sourceTree = "<group>"; };
		6382B0852A083895004AA6D2 /* BookScannerUITests.xctest */ = {isa = PBXFileReference; explicitFileType = wrapper.cfbundle; includeInIndex = 0; path = BookScannerUITests.xctest; sourceTree = BUILT_PRODUCTS_DIR; };
		6382B0892A083895004AA6D2 /* BookScannerUITests.swift */ = {isa = PBXFileReference; lastKnownFileType = sourcecode.swift; path = BookScannerUITests.swift; sourceTree = "<group>"; };
		6382B08B2A083895004AA6D2 /* BookScannerUITestsLaunchTests.swift */ = {isa = PBXFileReference; lastKnownFileType = sourcecode.swift; path = BookScannerUITestsLaunchTests.swift; sourceTree = "<group>"; };
		6382B09A2A0844E8004AA6D2 /* ScannerViewController.swift */ = {isa = PBXFileReference; lastKnownFileType = sourcecode.swift; path = ScannerViewController.swift; sourceTree = "<group>"; };
		6382B09C2A084520004AA6D2 /* TabBarController.swift */ = {isa = PBXFileReference; lastKnownFileType = sourcecode.swift; path = TabBarController.swift; sourceTree = "<group>"; };
		63840AC82A0CEE280042D37C /* User.swift */ = {isa = PBXFileReference; lastKnownFileType = sourcecode.swift; path = User.swift; sourceTree = "<group>"; };
		63B5E2CD2A0D0572005E6295 /* Book.swift */ = {isa = PBXFileReference; lastKnownFileType = sourcecode.swift; path = Book.swift; sourceTree = "<group>"; };
		63F0BFC92A0BD96C000B7E6A /* DatabaseHandler.swift */ = {isa = PBXFileReference; lastKnownFileType = sourcecode.swift; path = DatabaseHandler.swift; sourceTree = "<group>"; };
		63F0BFD62A0BF0F2000B7E6A /* SignUpController.swift */ = {isa = PBXFileReference; lastKnownFileType = sourcecode.swift; path = SignUpController.swift; sourceTree = "<group>"; };
		63F0BFD82A0BF118000B7E6A /* SignInController.swift */ = {isa = PBXFileReference; lastKnownFileType = sourcecode.swift; path = SignInController.swift; sourceTree = "<group>"; };
		63FCA7F22A0D98E9005F8E8D /* SearchViewController.swift */ = {isa = PBXFileReference; lastKnownFileType = sourcecode.swift; path = SearchViewController.swift; sourceTree = "<group>"; };
/* End PBXFileReference section */

/* Begin PBXFrameworksBuildPhase section */
		6382B0622A083891004AA6D2 /* Frameworks */ = {
			isa = PBXFrameworksBuildPhase;
			buildActionMask = 2147483647;
			files = (
				6349148E2A09AED5005FC067 /* SDWebImage in Frameworks */,
				63F0BFD32A0BE7E4000B7E6A /* FirebaseStorage in Frameworks */,
				63F0BFCF2A0BE7E4000B7E6A /* FirebaseAuth in Frameworks */,
				63F0BFD12A0BE7E4000B7E6A /* FirebaseFirestoreSwift in Frameworks */,
			);
			runOnlyForDeploymentPostprocessing = 0;
		};
		6382B0782A083894004AA6D2 /* Frameworks */ = {
			isa = PBXFrameworksBuildPhase;
			buildActionMask = 2147483647;
			files = (
			);
			runOnlyForDeploymentPostprocessing = 0;
		};
		6382B0822A083895004AA6D2 /* Frameworks */ = {
			isa = PBXFrameworksBuildPhase;
			buildActionMask = 2147483647;
			files = (
			);
			runOnlyForDeploymentPostprocessing = 0;
		};
/* End PBXFrameworksBuildPhase section */

/* Begin PBXGroup section */
		6349147E2A0946E6005FC067 /* Models */ = {
			isa = PBXGroup;
			children = (
				634914772A093163005FC067 /* APIBooks.swift */,
				634914792A093192005FC067 /* APIBook.swift */,
				63840AC82A0CEE280042D37C /* User.swift */,
				63B5E2CD2A0D0572005E6295 /* Book.swift */,
				630E17352A12DA0C00C405C5 /* Notification.swift */,
			);
			path = Models;
			sourceTree = "<group>";
		};
		6349147F2A09471D005FC067 /* Managers */ = {
			isa = PBXGroup;
			children = (
				634914752A0920BD005FC067 /* APICaller.swift */,
				634914802A09477B005FC067 /* BookHandler.swift */,
				63F0BFC92A0BD96C000B7E6A /* DatabaseHandler.swift */,
			);
			path = Managers;
			sourceTree = "<group>";
		};
		6382B05C2A083891004AA6D2 = {
			isa = PBXGroup;
			children = (
				6349147C2A094157005FC067 /* .gitignore */,
				6349147B2A093FDD005FC067 /* Secrets.xcconfig */,
				6382B0672A083891004AA6D2 /* BookScanner */,
				6382B07E2A083894004AA6D2 /* BookScannerTests */,
				6382B0882A083895004AA6D2 /* BookScannerUITests */,
				6382B0662A083891004AA6D2 /* Products */,
			);
			sourceTree = "<group>";
		};
		6382B0662A083891004AA6D2 /* Products */ = {
			isa = PBXGroup;
			children = (
				6382B0652A083891004AA6D2 /* BookScanner.app */,
				6382B07B2A083894004AA6D2 /* BookScannerTests.xctest */,
				6382B0852A083895004AA6D2 /* BookScannerUITests.xctest */,
			);
			name = Products;
			sourceTree = "<group>";
		};
		6382B0672A083891004AA6D2 /* BookScanner */ = {
			isa = PBXGroup;
			children = (
				6382B0992A08421E004AA6D2 /* Resources */,
				6349147F2A09471D005FC067 /* Managers */,
				6349147E2A0946E6005FC067 /* Models */,
				6382B0982A0841ED004AA6D2 /* ViewController */,
				6382B0762A083894004AA6D2 /* Info.plist */,
				6335E62F2A0FE08B00B8FD3D /* GoogleService-Info.plist */,
			);
			path = BookScanner;
			sourceTree = "<group>";
		};
		6382B07E2A083894004AA6D2 /* BookScannerTests */ = {
			isa = PBXGroup;
			children = (
				6382B07F2A083895004AA6D2 /* BookScannerTests.swift */,
			);
			path = BookScannerTests;
			sourceTree = "<group>";
		};
		6382B0882A083895004AA6D2 /* BookScannerUITests */ = {
			isa = PBXGroup;
			children = (
				6382B0892A083895004AA6D2 /* BookScannerUITests.swift */,
				6382B08B2A083895004AA6D2 /* BookScannerUITestsLaunchTests.swift */,
			);
			path = BookScannerUITests;
			sourceTree = "<group>";
		};
		6382B0982A0841ED004AA6D2 /* ViewController */ = {
			isa = PBXGroup;
			children = (
				63F0BFD42A0BF059000B7E6A /* Core */,
				63F0BFD52A0BF061000B7E6A /* Other */,
			);
			path = ViewController;
			sourceTree = "<group>";
		};
		6382B0992A08421E004AA6D2 /* Resources */ = {
			isa = PBXGroup;
			children = (
				6382B0712A083894004AA6D2 /* Assets.xcassets */,
				6382B0732A083894004AA6D2 /* LaunchScreen.storyboard */,
				6382B0682A083891004AA6D2 /* AppDelegate.swift */,
				6382B06A2A083891004AA6D2 /* SceneDelegate.swift */,
				634914862A098E77005FC067 /* Extensions.swift */,
			);
			path = Resources;
			sourceTree = "<group>";
		};
		63F0BFD42A0BF059000B7E6A /* Core */ = {
			isa = PBXGroup;
			children = (
				6382B09A2A0844E8004AA6D2 /* ScannerViewController.swift */,
				6382B06C2A083891004AA6D2 /* HomeController.swift */,
				6382B09C2A084520004AA6D2 /* TabBarController.swift */,
				635D4E812A0AC81D006E0E6F /* ProfileController.swift */,
				63FCA7F22A0D98E9005F8E8D /* SearchViewController.swift */,
			);
			path = Core;
			sourceTree = "<group>";
		};
		63F0BFD52A0BF061000B7E6A /* Other */ = {
			isa = PBXGroup;
			children = (
				634914822A098A34005FC067 /* UserSearchCollectionViewCell.swift */,
				63F0BFD62A0BF0F2000B7E6A /* SignUpController.swift */,
				63F0BFD82A0BF118000B7E6A /* SignInController.swift */,
				630AF5E82A1042ED007F5AA7 /* SettingsController.swift */,
			);
			path = Other;
			sourceTree = "<group>";
		};
/* End PBXGroup section */

/* Begin PBXNativeTarget section */
		6382B0642A083891004AA6D2 /* BookScanner */ = {
			isa = PBXNativeTarget;
			buildConfigurationList = 6382B08F2A083895004AA6D2 /* Build configuration list for PBXNativeTarget "BookScanner" */;
			buildPhases = (
				6382B0612A083891004AA6D2 /* Sources */,
				6382B0622A083891004AA6D2 /* Frameworks */,
				6382B0632A083891004AA6D2 /* Resources */,
			);
			buildRules = (
			);
			dependencies = (
			);
			name = BookScanner;
			packageProductDependencies = (
				6349148D2A09AED5005FC067 /* SDWebImage */,
				63F0BFCE2A0BE7E3000B7E6A /* FirebaseAuth */,
				63F0BFD02A0BE7E4000B7E6A /* FirebaseFirestoreSwift */,
				63F0BFD22A0BE7E4000B7E6A /* FirebaseStorage */,
			);
			productName = BookScanner;
			productReference = 6382B0652A083891004AA6D2 /* BookScanner.app */;
			productType = "com.apple.product-type.application";
		};
		6382B07A2A083894004AA6D2 /* BookScannerTests */ = {
			isa = PBXNativeTarget;
			buildConfigurationList = 6382B0922A083895004AA6D2 /* Build configuration list for PBXNativeTarget "BookScannerTests" */;
			buildPhases = (
				6382B0772A083894004AA6D2 /* Sources */,
				6382B0782A083894004AA6D2 /* Frameworks */,
				6382B0792A083894004AA6D2 /* Resources */,
			);
			buildRules = (
			);
			dependencies = (
				6382B07D2A083894004AA6D2 /* PBXTargetDependency */,
			);
			name = BookScannerTests;
			productName = BookScannerTests;
			productReference = 6382B07B2A083894004AA6D2 /* BookScannerTests.xctest */;
			productType = "com.apple.product-type.bundle.unit-test";
		};
		6382B0842A083895004AA6D2 /* BookScannerUITests */ = {
			isa = PBXNativeTarget;
			buildConfigurationList = 6382B0952A083895004AA6D2 /* Build configuration list for PBXNativeTarget "BookScannerUITests" */;
			buildPhases = (
				6382B0812A083895004AA6D2 /* Sources */,
				6382B0822A083895004AA6D2 /* Frameworks */,
				6382B0832A083895004AA6D2 /* Resources */,
			);
			buildRules = (
			);
			dependencies = (
				6382B0872A083895004AA6D2 /* PBXTargetDependency */,
			);
			name = BookScannerUITests;
			productName = BookScannerUITests;
			productReference = 6382B0852A083895004AA6D2 /* BookScannerUITests.xctest */;
			productType = "com.apple.product-type.bundle.ui-testing";
		};
/* End PBXNativeTarget section */

/* Begin PBXProject section */
		6382B05D2A083891004AA6D2 /* Project object */ = {
			isa = PBXProject;
			attributes = {
				BuildIndependentTargetsInParallel = 1;
				LastSwiftUpdateCheck = 1420;
				LastUpgradeCheck = 1420;
				TargetAttributes = {
					6382B0642A083891004AA6D2 = {
						CreatedOnToolsVersion = 14.2;
					};
					6382B07A2A083894004AA6D2 = {
						CreatedOnToolsVersion = 14.2;
						TestTargetID = 6382B0642A083891004AA6D2;
					};
					6382B0842A083895004AA6D2 = {
						CreatedOnToolsVersion = 14.2;
						TestTargetID = 6382B0642A083891004AA6D2;
					};
				};
			};
			buildConfigurationList = 6382B0602A083891004AA6D2 /* Build configuration list for PBXProject "BookScanner" */;
			compatibilityVersion = "Xcode 14.0";
			developmentRegion = en;
			hasScannedForEncodings = 0;
			knownRegions = (
				en,
				Base,
			);
			mainGroup = 6382B05C2A083891004AA6D2;
			packageReferences = (
				6349148C2A09AED5005FC067 /* XCRemoteSwiftPackageReference "SDWebImage" */,
				63F0BFCD2A0BE7E3000B7E6A /* XCRemoteSwiftPackageReference "firebase-ios-sdk" */,
			);
			productRefGroup = 6382B0662A083891004AA6D2 /* Products */;
			projectDirPath = "";
			projectRoot = "";
			targets = (
				6382B0642A083891004AA6D2 /* BookScanner */,
				6382B07A2A083894004AA6D2 /* BookScannerTests */,
				6382B0842A083895004AA6D2 /* BookScannerUITests */,
			);
		};
/* End PBXProject section */

/* Begin PBXResourcesBuildPhase section */
		6382B0632A083891004AA6D2 /* Resources */ = {
			isa = PBXResourcesBuildPhase;
			buildActionMask = 2147483647;
			files = (
				6382B0752A083894004AA6D2 /* LaunchScreen.storyboard in Resources */,
				6335E6302A0FE08B00B8FD3D /* GoogleService-Info.plist in Resources */,
				6349147D2A094157005FC067 /* .gitignore in Resources */,
				6382B0722A083894004AA6D2 /* Assets.xcassets in Resources */,
			);
			runOnlyForDeploymentPostprocessing = 0;
		};
		6382B0792A083894004AA6D2 /* Resources */ = {
			isa = PBXResourcesBuildPhase;
			buildActionMask = 2147483647;
			files = (
			);
			runOnlyForDeploymentPostprocessing = 0;
		};
		6382B0832A083895004AA6D2 /* Resources */ = {
			isa = PBXResourcesBuildPhase;
			buildActionMask = 2147483647;
			files = (
			);
			runOnlyForDeploymentPostprocessing = 0;
		};
/* End PBXResourcesBuildPhase section */

/* Begin PBXSourcesBuildPhase section */
		6382B0612A083891004AA6D2 /* Sources */ = {
			isa = PBXSourcesBuildPhase;
			buildActionMask = 2147483647;
			files = (
				6349147A2A093192005FC067 /* APIBook.swift in Sources */,
				63F0BFCA2A0BD96C000B7E6A /* DatabaseHandler.swift in Sources */,
				6382B09B2A0844E8004AA6D2 /* ScannerViewController.swift in Sources */,
				634914762A0920BD005FC067 /* APICaller.swift in Sources */,
				63F0BFD72A0BF0F2000B7E6A /* SignUpController.swift in Sources */,
				634914842A098A34005FC067 /* UserSearchCollectionViewCell.swift in Sources */,
				63840AC92A0CEE280042D37C /* User.swift in Sources */,
				6382B06D2A083891004AA6D2 /* HomeController.swift in Sources */,
				634914782A093163005FC067 /* APIBooks.swift in Sources */,
				6382B0692A083891004AA6D2 /* AppDelegate.swift in Sources */,
				6382B09D2A084520004AA6D2 /* TabBarController.swift in Sources */,
				6382B06B2A083891004AA6D2 /* SceneDelegate.swift in Sources */,
				63FCA7F32A0D98E9005F8E8D /* SearchViewController.swift in Sources */,
				634914872A098E77005FC067 /* Extensions.swift in Sources */,
				63F0BFD92A0BF118000B7E6A /* SignInController.swift in Sources */,
				630AF5E92A1042ED007F5AA7 /* SettingsController.swift in Sources */,
				630E17362A12DA0D00C405C5 /* Notification.swift in Sources */,
				634914812A09477B005FC067 /* BookHandler.swift in Sources */,
				635D4E822A0AC81D006E0E6F /* ProfileController.swift in Sources */,
				63B5E2CE2A0D0572005E6295 /* Book.swift in Sources */,
			);
			runOnlyForDeploymentPostprocessing = 0;
		};
		6382B0772A083894004AA6D2 /* Sources */ = {
			isa = PBXSourcesBuildPhase;
			buildActionMask = 2147483647;
			files = (
				6382B0802A083895004AA6D2 /* BookScannerTests.swift in Sources */,
			);
			runOnlyForDeploymentPostprocessing = 0;
		};
		6382B0812A083895004AA6D2 /* Sources */ = {
			isa = PBXSourcesBuildPhase;
			buildActionMask = 2147483647;
			files = (
				6382B08C2A083895004AA6D2 /* BookScannerUITestsLaunchTests.swift in Sources */,
				6382B08A2A083895004AA6D2 /* BookScannerUITests.swift in Sources */,
			);
			runOnlyForDeploymentPostprocessing = 0;
		};
/* End PBXSourcesBuildPhase section */

/* Begin PBXTargetDependency section */
		6382B07D2A083894004AA6D2 /* PBXTargetDependency */ = {
			isa = PBXTargetDependency;
			target = 6382B0642A083891004AA6D2 /* BookScanner */;
			targetProxy = 6382B07C2A083894004AA6D2 /* PBXContainerItemProxy */;
		};
		6382B0872A083895004AA6D2 /* PBXTargetDependency */ = {
			isa = PBXTargetDependency;
			target = 6382B0642A083891004AA6D2 /* BookScanner */;
			targetProxy = 6382B0862A083895004AA6D2 /* PBXContainerItemProxy */;
		};
/* End PBXTargetDependency section */

/* Begin PBXVariantGroup section */
		6382B0732A083894004AA6D2 /* LaunchScreen.storyboard */ = {
			isa = PBXVariantGroup;
			children = (
				6382B0742A083894004AA6D2 /* Base */,
			);
			name = LaunchScreen.storyboard;
			sourceTree = "<group>";
		};
/* End PBXVariantGroup section */

/* Begin XCBuildConfiguration section */
		6382B08D2A083895004AA6D2 /* Debug */ = {
			isa = XCBuildConfiguration;
			baseConfigurationReference = 6349147B2A093FDD005FC067 /* Secrets.xcconfig */;
			buildSettings = {
				ALWAYS_SEARCH_USER_PATHS = NO;
				CLANG_ANALYZER_NONNULL = YES;
				CLANG_ANALYZER_NUMBER_OBJECT_CONVERSION = YES_AGGRESSIVE;
				CLANG_CXX_LANGUAGE_STANDARD = "gnu++20";
				CLANG_ENABLE_MODULES = YES;
				CLANG_ENABLE_OBJC_ARC = YES;
				CLANG_ENABLE_OBJC_WEAK = YES;
				CLANG_WARN_BLOCK_CAPTURE_AUTORELEASING = YES;
				CLANG_WARN_BOOL_CONVERSION = YES;
				CLANG_WARN_COMMA = YES;
				CLANG_WARN_CONSTANT_CONVERSION = YES;
				CLANG_WARN_DEPRECATED_OBJC_IMPLEMENTATIONS = YES;
				CLANG_WARN_DIRECT_OBJC_ISA_USAGE = YES_ERROR;
				CLANG_WARN_DOCUMENTATION_COMMENTS = YES;
				CLANG_WARN_EMPTY_BODY = YES;
				CLANG_WARN_ENUM_CONVERSION = YES;
				CLANG_WARN_INFINITE_RECURSION = YES;
				CLANG_WARN_INT_CONVERSION = YES;
				CLANG_WARN_NON_LITERAL_NULL_CONVERSION = YES;
				CLANG_WARN_OBJC_IMPLICIT_RETAIN_SELF = YES;
				CLANG_WARN_OBJC_LITERAL_CONVERSION = YES;
				CLANG_WARN_OBJC_ROOT_CLASS = YES_ERROR;
				CLANG_WARN_QUOTED_INCLUDE_IN_FRAMEWORK_HEADER = YES;
				CLANG_WARN_RANGE_LOOP_ANALYSIS = YES;
				CLANG_WARN_STRICT_PROTOTYPES = YES;
				CLANG_WARN_SUSPICIOUS_MOVE = YES;
				CLANG_WARN_UNGUARDED_AVAILABILITY = YES_AGGRESSIVE;
				CLANG_WARN_UNREACHABLE_CODE = YES;
				CLANG_WARN__DUPLICATE_METHOD_MATCH = YES;
				COPY_PHASE_STRIP = NO;
				DEBUG_INFORMATION_FORMAT = dwarf;
				ENABLE_STRICT_OBJC_MSGSEND = YES;
				ENABLE_TESTABILITY = YES;
				GCC_C_LANGUAGE_STANDARD = gnu11;
				GCC_DYNAMIC_NO_PIC = NO;
				GCC_NO_COMMON_BLOCKS = YES;
				GCC_OPTIMIZATION_LEVEL = 0;
				GCC_PREPROCESSOR_DEFINITIONS = (
					"DEBUG=1",
					"$(inherited)",
				);
				GCC_WARN_64_TO_32_BIT_CONVERSION = YES;
				GCC_WARN_ABOUT_RETURN_TYPE = YES_ERROR;
				GCC_WARN_UNDECLARED_SELECTOR = YES;
				GCC_WARN_UNINITIALIZED_AUTOS = YES_AGGRESSIVE;
				GCC_WARN_UNUSED_FUNCTION = YES;
				GCC_WARN_UNUSED_VARIABLE = YES;
				IPHONEOS_DEPLOYMENT_TARGET = 16.2;
				MTL_ENABLE_DEBUG_INFO = INCLUDE_SOURCE;
				MTL_FAST_MATH = YES;
				ONLY_ACTIVE_ARCH = YES;
				SDKROOT = iphoneos;
				SWIFT_ACTIVE_COMPILATION_CONDITIONS = DEBUG;
				SWIFT_OPTIMIZATION_LEVEL = "-Onone";
			};
			name = Debug;
		};
		6382B08E2A083895004AA6D2 /* Release */ = {
			isa = XCBuildConfiguration;
			baseConfigurationReference = 6349147B2A093FDD005FC067 /* Secrets.xcconfig */;
			buildSettings = {
				ALWAYS_SEARCH_USER_PATHS = NO;
				CLANG_ANALYZER_NONNULL = YES;
				CLANG_ANALYZER_NUMBER_OBJECT_CONVERSION = YES_AGGRESSIVE;
				CLANG_CXX_LANGUAGE_STANDARD = "gnu++20";
				CLANG_ENABLE_MODULES = YES;
				CLANG_ENABLE_OBJC_ARC = YES;
				CLANG_ENABLE_OBJC_WEAK = YES;
				CLANG_WARN_BLOCK_CAPTURE_AUTORELEASING = YES;
				CLANG_WARN_BOOL_CONVERSION = YES;
				CLANG_WARN_COMMA = YES;
				CLANG_WARN_CONSTANT_CONVERSION = YES;
				CLANG_WARN_DEPRECATED_OBJC_IMPLEMENTATIONS = YES;
				CLANG_WARN_DIRECT_OBJC_ISA_USAGE = YES_ERROR;
				CLANG_WARN_DOCUMENTATION_COMMENTS = YES;
				CLANG_WARN_EMPTY_BODY = YES;
				CLANG_WARN_ENUM_CONVERSION = YES;
				CLANG_WARN_INFINITE_RECURSION = YES;
				CLANG_WARN_INT_CONVERSION = YES;
				CLANG_WARN_NON_LITERAL_NULL_CONVERSION = YES;
				CLANG_WARN_OBJC_IMPLICIT_RETAIN_SELF = YES;
				CLANG_WARN_OBJC_LITERAL_CONVERSION = YES;
				CLANG_WARN_OBJC_ROOT_CLASS = YES_ERROR;
				CLANG_WARN_QUOTED_INCLUDE_IN_FRAMEWORK_HEADER = YES;
				CLANG_WARN_RANGE_LOOP_ANALYSIS = YES;
				CLANG_WARN_STRICT_PROTOTYPES = YES;
				CLANG_WARN_SUSPICIOUS_MOVE = YES;
				CLANG_WARN_UNGUARDED_AVAILABILITY = YES_AGGRESSIVE;
				CLANG_WARN_UNREACHABLE_CODE = YES;
				CLANG_WARN__DUPLICATE_METHOD_MATCH = YES;
				COPY_PHASE_STRIP = NO;
				DEBUG_INFORMATION_FORMAT = "dwarf-with-dsym";
				ENABLE_NS_ASSERTIONS = NO;
				ENABLE_STRICT_OBJC_MSGSEND = YES;
				GCC_C_LANGUAGE_STANDARD = gnu11;
				GCC_NO_COMMON_BLOCKS = YES;
				GCC_WARN_64_TO_32_BIT_CONVERSION = YES;
				GCC_WARN_ABOUT_RETURN_TYPE = YES_ERROR;
				GCC_WARN_UNDECLARED_SELECTOR = YES;
				GCC_WARN_UNINITIALIZED_AUTOS = YES_AGGRESSIVE;
				GCC_WARN_UNUSED_FUNCTION = YES;
				GCC_WARN_UNUSED_VARIABLE = YES;
				IPHONEOS_DEPLOYMENT_TARGET = 16.2;
				MTL_ENABLE_DEBUG_INFO = NO;
				MTL_FAST_MATH = YES;
				SDKROOT = iphoneos;
				SWIFT_COMPILATION_MODE = wholemodule;
				SWIFT_OPTIMIZATION_LEVEL = "-O";
				VALIDATE_PRODUCT = YES;
			};
			name = Release;
		};
		6382B0902A083895004AA6D2 /* Debug */ = {
			isa = XCBuildConfiguration;
			buildSettings = {
				ASSETCATALOG_COMPILER_APPICON_NAME = AppIcon;
				ASSETCATALOG_COMPILER_GLOBAL_ACCENT_COLOR_NAME = AccentColor;
				ASSETCATALOG_COMPILER_INCLUDE_ALL_APPICON_ASSETS = NO;
				CODE_SIGN_STYLE = Automatic;
				CURRENT_PROJECT_VERSION = 1;
				DEVELOPMENT_TEAM = 7XGZ6RZ9AK;
				GENERATE_INFOPLIST_FILE = YES;
				INFOPLIST_FILE = BookScanner/Info.plist;
				INFOPLIST_KEY_LSApplicationCategoryType = "public.app-category.books";
				INFOPLIST_KEY_NSCameraUsageDescription = "We need access to your camera to scan the Barcodes. :)";
				INFOPLIST_KEY_UIApplicationSupportsIndirectInputEvents = YES;
				INFOPLIST_KEY_UILaunchStoryboardName = LaunchScreen.storyboard;
				INFOPLIST_KEY_UISupportedInterfaceOrientations = "UIInterfaceOrientationPortrait UIInterfaceOrientationPortraitUpsideDown";
				INFOPLIST_KEY_UISupportedInterfaceOrientations_iPad = "UIInterfaceOrientationLandscapeLeft UIInterfaceOrientationLandscapeRight UIInterfaceOrientationPortrait UIInterfaceOrientationPortraitUpsideDown";
				LD_RUNPATH_SEARCH_PATHS = (
					"$(inherited)",
					"@executable_path/Frameworks",
				);
				MARKETING_VERSION = 1.0;
				PRODUCT_BUNDLE_IDENTIFIER = "com.david-riegel.BookScanner";
				PRODUCT_NAME = "$(TARGET_NAME)";
				SWIFT_EMIT_LOC_STRINGS = YES;
				SWIFT_VERSION = 5.0;
				TARGETED_DEVICE_FAMILY = 1;
			};
			name = Debug;
		};
		6382B0912A083895004AA6D2 /* Release */ = {
			isa = XCBuildConfiguration;
			buildSettings = {
				ASSETCATALOG_COMPILER_APPICON_NAME = AppIcon;
				ASSETCATALOG_COMPILER_GLOBAL_ACCENT_COLOR_NAME = AccentColor;
				ASSETCATALOG_COMPILER_INCLUDE_ALL_APPICON_ASSETS = NO;
				CODE_SIGN_STYLE = Automatic;
				CURRENT_PROJECT_VERSION = 1;
				DEVELOPMENT_TEAM = 7XGZ6RZ9AK;
				GENERATE_INFOPLIST_FILE = YES;
				INFOPLIST_FILE = BookScanner/Info.plist;
				INFOPLIST_KEY_LSApplicationCategoryType = "public.app-category.books";
				INFOPLIST_KEY_NSCameraUsageDescription = "We need access to your camera to scan the Barcodes. :)";
				INFOPLIST_KEY_UIApplicationSupportsIndirectInputEvents = YES;
				INFOPLIST_KEY_UILaunchStoryboardName = LaunchScreen.storyboard;
				INFOPLIST_KEY_UISupportedInterfaceOrientations = "UIInterfaceOrientationPortrait UIInterfaceOrientationPortraitUpsideDown";
				INFOPLIST_KEY_UISupportedInterfaceOrientations_iPad = "UIInterfaceOrientationLandscapeLeft UIInterfaceOrientationLandscapeRight UIInterfaceOrientationPortrait UIInterfaceOrientationPortraitUpsideDown";
				LD_RUNPATH_SEARCH_PATHS = (
					"$(inherited)",
					"@executable_path/Frameworks",
				);
				MARKETING_VERSION = 1.0;
				PRODUCT_BUNDLE_IDENTIFIER = "com.david-riegel.BookScanner";
				PRODUCT_NAME = "$(TARGET_NAME)";
				SWIFT_EMIT_LOC_STRINGS = YES;
				SWIFT_VERSION = 5.0;
				TARGETED_DEVICE_FAMILY = 1;
			};
			name = Release;
		};
		6382B0932A083895004AA6D2 /* Debug */ = {
			isa = XCBuildConfiguration;
			buildSettings = {
				ALWAYS_EMBED_SWIFT_STANDARD_LIBRARIES = YES;
				BUNDLE_LOADER = "$(TEST_HOST)";
				CODE_SIGN_STYLE = Automatic;
				CURRENT_PROJECT_VERSION = 1;
				DEVELOPMENT_TEAM = 7XGZ6RZ9AK;
				GENERATE_INFOPLIST_FILE = YES;
				IPHONEOS_DEPLOYMENT_TARGET = 16.2;
				MARKETING_VERSION = 1.0;
				PRODUCT_BUNDLE_IDENTIFIER = "com.david-riegel.BookScannerTests";
				PRODUCT_NAME = "$(TARGET_NAME)";
				SWIFT_EMIT_LOC_STRINGS = NO;
				SWIFT_VERSION = 5.0;
				TARGETED_DEVICE_FAMILY = "1,2";
				TEST_HOST = "$(BUILT_PRODUCTS_DIR)/BookScanner.app/$(BUNDLE_EXECUTABLE_FOLDER_PATH)/BookScanner";
			};
			name = Debug;
		};
		6382B0942A083895004AA6D2 /* Release */ = {
			isa = XCBuildConfiguration;
			buildSettings = {
				ALWAYS_EMBED_SWIFT_STANDARD_LIBRARIES = YES;
				BUNDLE_LOADER = "$(TEST_HOST)";
				CODE_SIGN_STYLE = Automatic;
				CURRENT_PROJECT_VERSION = 1;
				DEVELOPMENT_TEAM = 7XGZ6RZ9AK;
				GENERATE_INFOPLIST_FILE = YES;
				IPHONEOS_DEPLOYMENT_TARGET = 16.2;
				MARKETING_VERSION = 1.0;
				PRODUCT_BUNDLE_IDENTIFIER = "com.david-riegel.BookScannerTests";
				PRODUCT_NAME = "$(TARGET_NAME)";
				SWIFT_EMIT_LOC_STRINGS = NO;
				SWIFT_VERSION = 5.0;
				TARGETED_DEVICE_FAMILY = "1,2";
				TEST_HOST = "$(BUILT_PRODUCTS_DIR)/BookScanner.app/$(BUNDLE_EXECUTABLE_FOLDER_PATH)/BookScanner";
			};
			name = Release;
		};
		6382B0962A083895004AA6D2 /* Debug */ = {
			isa = XCBuildConfiguration;
			buildSettings = {
				ALWAYS_EMBED_SWIFT_STANDARD_LIBRARIES = YES;
				CODE_SIGN_STYLE = Automatic;
				CURRENT_PROJECT_VERSION = 1;
				DEVELOPMENT_TEAM = 7XGZ6RZ9AK;
				GENERATE_INFOPLIST_FILE = YES;
				MARKETING_VERSION = 1.0;
				PRODUCT_BUNDLE_IDENTIFIER = "com.david-riegel.BookScannerUITests";
				PRODUCT_NAME = "$(TARGET_NAME)";
				SWIFT_EMIT_LOC_STRINGS = NO;
				SWIFT_VERSION = 5.0;
				TARGETED_DEVICE_FAMILY = "1,2";
				TEST_TARGET_NAME = BookScanner;
			};
			name = Debug;
		};
		6382B0972A083895004AA6D2 /* Release */ = {
			isa = XCBuildConfiguration;
			buildSettings = {
				ALWAYS_EMBED_SWIFT_STANDARD_LIBRARIES = YES;
				CODE_SIGN_STYLE = Automatic;
				CURRENT_PROJECT_VERSION = 1;
				DEVELOPMENT_TEAM = 7XGZ6RZ9AK;
				GENERATE_INFOPLIST_FILE = YES;
				MARKETING_VERSION = 1.0;
				PRODUCT_BUNDLE_IDENTIFIER = "com.david-riegel.BookScannerUITests";
				PRODUCT_NAME = "$(TARGET_NAME)";
				SWIFT_EMIT_LOC_STRINGS = NO;
				SWIFT_VERSION = 5.0;
				TARGETED_DEVICE_FAMILY = "1,2";
				TEST_TARGET_NAME = BookScanner;
			};
			name = Release;
		};
/* End XCBuildConfiguration section */

/* Begin XCConfigurationList section */
		6382B0602A083891004AA6D2 /* Build configuration list for PBXProject "BookScanner" */ = {
			isa = XCConfigurationList;
			buildConfigurations = (
				6382B08D2A083895004AA6D2 /* Debug */,
				6382B08E2A083895004AA6D2 /* Release */,
			);
			defaultConfigurationIsVisible = 0;
			defaultConfigurationName = Release;
		};
		6382B08F2A083895004AA6D2 /* Build configuration list for PBXNativeTarget "BookScanner" */ = {
			isa = XCConfigurationList;
			buildConfigurations = (
				6382B0902A083895004AA6D2 /* Debug */,
				6382B0912A083895004AA6D2 /* Release */,
			);
			defaultConfigurationIsVisible = 0;
			defaultConfigurationName = Release;
		};
		6382B0922A083895004AA6D2 /* Build configuration list for PBXNativeTarget "BookScannerTests" */ = {
			isa = XCConfigurationList;
			buildConfigurations = (
				6382B0932A083895004AA6D2 /* Debug */,
				6382B0942A083895004AA6D2 /* Release */,
			);
			defaultConfigurationIsVisible = 0;
			defaultConfigurationName = Release;
		};
		6382B0952A083895004AA6D2 /* Build configuration list for PBXNativeTarget "BookScannerUITests" */ = {
			isa = XCConfigurationList;
			buildConfigurations = (
				6382B0962A083895004AA6D2 /* Debug */,
				6382B0972A083895004AA6D2 /* Release */,
			);
			defaultConfigurationIsVisible = 0;
			defaultConfigurationName = Release;
		};
/* End XCConfigurationList section */

/* Begin XCRemoteSwiftPackageReference section */
		6349148C2A09AED5005FC067 /* XCRemoteSwiftPackageReference "SDWebImage" */ = {
			isa = XCRemoteSwiftPackageReference;
			repositoryURL = "https://github.com/SDWebImage/SDWebImage";
			requirement = {
				kind = upToNextMajorVersion;
				minimumVersion = 5.0.0;
			};
		};
		63F0BFCD2A0BE7E3000B7E6A /* XCRemoteSwiftPackageReference "firebase-ios-sdk" */ = {
			isa = XCRemoteSwiftPackageReference;
			repositoryURL = "https://github.com/firebase/firebase-ios-sdk";
			requirement = {
				kind = upToNextMajorVersion;
				minimumVersion = 9.0.0;
			};
		};
/* End XCRemoteSwiftPackageReference section */

/* Begin XCSwiftPackageProductDependency section */
		6349148D2A09AED5005FC067 /* SDWebImage */ = {
			isa = XCSwiftPackageProductDependency;
			package = 6349148C2A09AED5005FC067 /* XCRemoteSwiftPackageReference "SDWebImage" */;
			productName = SDWebImage;
		};
		63F0BFCE2A0BE7E3000B7E6A /* FirebaseAuth */ = {
			isa = XCSwiftPackageProductDependency;
			package = 63F0BFCD2A0BE7E3000B7E6A /* XCRemoteSwiftPackageReference "firebase-ios-sdk" */;
			productName = FirebaseAuth;
		};
		63F0BFD02A0BE7E4000B7E6A /* FirebaseFirestoreSwift */ = {
			isa = XCSwiftPackageProductDependency;
			package = 63F0BFCD2A0BE7E3000B7E6A /* XCRemoteSwiftPackageReference "firebase-ios-sdk" */;
			productName = FirebaseFirestoreSwift;
		};
		63F0BFD22A0BE7E4000B7E6A /* FirebaseStorage */ = {
			isa = XCSwiftPackageProductDependency;
			package = 63F0BFCD2A0BE7E3000B7E6A /* XCRemoteSwiftPackageReference "firebase-ios-sdk" */;
			productName = FirebaseStorage;
		};
/* End XCSwiftPackageProductDependency section */
	};
	rootObject = 6382B05D2A083891004AA6D2 /* Project object */;
}
