// !$*UTF8*$!
{
	archiveVersion = 1;
	classes = {
	};
	objectVersion = 56;
	objects = {

/* Begin PBXBuildFile section */
		6382B0692A083891004AA6D2 /* AppDelegate.swift in Sources */ = {isa = PBXBuildFile; fileRef = 6382B0682A083891004AA6D2 /* AppDelegate.swift */; };
		6382B06B2A083891004AA6D2 /* SceneDelegate.swift in Sources */ = {isa = PBXBuildFile; fileRef = 6382B06A2A083891004AA6D2 /* SceneDelegate.swift */; };
		6382B06D2A083891004AA6D2 /* ViewController.swift in Sources */ = {isa = PBXBuildFile; fileRef = 6382B06C2A083891004AA6D2 /* ViewController.swift */; };
		6382B0702A083891004AA6D2 /* Main.storyboard in Resources */ = {isa = PBXBuildFile; fileRef = 6382B06E2A083891004AA6D2 /* Main.storyboard */; };
		6382B0722A083894004AA6D2 /* Assets.xcassets in Resources */ = {isa = PBXBuildFile; fileRef = 6382B0712A083894004AA6D2 /* Assets.xcassets */; };
		6382B0752A083894004AA6D2 /* LaunchScreen.storyboard in Resources */ = {isa = PBXBuildFile; fileRef = 6382B0732A083894004AA6D2 /* LaunchScreen.storyboard */; };
		6382B0802A083895004AA6D2 /* BookScannerTests.swift in Sources */ = {isa = PBXBuildFile; fileRef = 6382B07F2A083895004AA6D2 /* BookScannerTests.swift */; };
		6382B08A2A083895004AA6D2 /* BookScannerUITests.swift in Sources */ = {isa = PBXBuildFile; fileRef = 6382B0892A083895004AA6D2 /* BookScannerUITests.swift */; };
		6382B08C2A083895004AA6D2 /* BookScannerUITestsLaunchTests.swift in Sources */ = {isa = PBXBuildFile; fileRef = 6382B08B2A083895004AA6D2 /* BookScannerUITestsLaunchTests.swift */; };
/* End PBXBuildFile section */

/* Begin PBXContainerItemProxy section */
		6382B07C2A083894004AA6D2 /* PBXContainerItemProxy */ = {
			isa = PBXContainerItemProxy;
			containerPortal = 6382B05D2A083891004AA6D2 /* Project object */;
			proxyType = 1;
			remoteGlobalIDString = 6382B0642A083891004AA6D2;
			remoteInfo = BookScanner;
		};
		6382B0862A083895004AA6D2 /* PBXContainerItemProxy */ = {
			isa = PBXContainerItemProxy;
			containerPortal = 6382B05D2A083891004AA6D2 /* Project object */;
			proxyType = 1;
			remoteGlobalIDString = 6382B0642A083891004AA6D2;
			remoteInfo = BookScanner;
		};
/* End PBXContainerItemProxy section */

/* Begin PBXFileReference section */
		6382B0652A083891004AA6D2 /* BookScanner.app */ = {isa = PBXFileReference; explicitFileType = wrapper.application; includeInIndex = 0; path = BookScanner.app; sourceTree = BUILT_PRODUCTS_DIR; };
		6382B0682A083891004AA6D2 /* AppDelegate.swift */ = {isa = PBXFileReference; lastKnownFileType = sourcecode.swift; path = AppDelegate.swift; sourceTree = "<group>"; };
		6382B06A2A083891004AA6D2 /* SceneDelegate.swift */ = {isa = PBXFileReference; lastKnownFileType = sourcecode.swift; path = SceneDelegate.swift; sourceTree = "<group>"; };
		6382B06C2A083891004AA6D2 /* ViewController.swift */ = {isa = PBXFileReference; lastKnownFileType = sourcecode.swift; path = ViewController.swift; sourceTree = "<group>"; };
		6382B06F2A083891004AA6D2 /* Base */ = {isa = PBXFileReference; lastKnownFileType = file.storyboard; name = Base; path = Base.lproj/Main.storyboard; sourceTree = "<group>"; };
		6382B0712A083894004AA6D2 /* Assets.xcassets */ = {isa = PBXFileReference; lastKnownFileType = folder.assetcatalog; path = Assets.xcassets; sourceTree = "<group>"; };
		6382B0742A083894004AA6D2 /* Base */ = {isa = PBXFileReference; lastKnownFileType = file.storyboard; name = Base; path = Base.lproj/LaunchScreen.storyboard; sourceTree = "<group>"; };
		6382B0762A083894004AA6D2 /* Info.plist */ = {isa = PBXFileReference; lastKnownFileType = text.plist.xml; path = Info.plist; sourceTree = "<group>"; };
		6382B07B2A083894004AA6D2 /* BookScannerTests.xctest */ = {isa = PBXFileReference; explicitFileType = wrapper.cfbundle; includeInIndex = 0; path = BookScannerTests.xctest; sourceTree = BUILT_PRODUCTS_DIR; };
		6382B07F2A083895004AA6D2 /* BookScannerTests.swift */ = {isa = PBXFileReference; lastKnownFileType = sourcecode.swift; path = BookScannerTests.swift; sourceTree = "<group>"; };
		6382B0852A083895004AA6D2 /* BookScannerUITests.xctest */ = {isa = PBXFileReference; explicitFileType = wrapper.cfbundle; includeInIndex = 0; path = BookScannerUITests.xctest; sourceTree = BUILT_PRODUCTS_DIR; };
		6382B0892A083895004AA6D2 /* BookScannerUITests.swift */ = {isa = PBXFileReference; lastKnownFileType = sourcecode.swift; path = BookScannerUITests.swift; sourceTree = "<group>"; };
		6382B08B2A083895004AA6D2 /* BookScannerUITestsLaunchTests.swift */ = {isa = PBXFileReference; lastKnownFileType = sourcecode.swift; path = BookScannerUITestsLaunchTests.swift; sourceTree = "<group>"; };
/* End PBXFileReference section */

/* Begin PBXFrameworksBuildPhase section */
		6382B0622A083891004AA6D2 /* Frameworks */ = {
			isa = PBXFrameworksBuildPhase;
			buildActionMask = 2147483647;
			files = (
			);
			runOnlyForDeploymentPostprocessing = 0;
		};
		6382B0782A083894004AA6D2 /* Frameworks */ = {
			isa = PBXFrameworksBuildPhase;
			buildActionMask = 2147483647;
			files = (
			);
			runOnlyForDeploymentPostprocessing = 0;
		};
		6382B0822A083895004AA6D2 /* Frameworks */ = {
			isa = PBXFrameworksBuildPhase;
			buildActionMask = 2147483647;
			files = (
			);
			runOnlyForDeploymentPostprocessing = 0;
		};
/* End PBXFrameworksBuildPhase section */

/* Begin PBXGroup section */
		6382B05C2A083891004AA6D2 = {
			isa = PBXGroup;
			children = (
				6382B0672A083891004AA6D2 /* BookScanner */,
				6382B07E2A083894004AA6D2 /* BookScannerTests */,
				6382B0882A083895004AA6D2 /* BookScannerUITests */,
				6382B0662A083891004AA6D2 /* Products */,
			);
			sourceTree = "<group>";
		};
		6382B0662A083891004AA6D2 /* Products */ = {
			isa = PBXGroup;
			children = (
				6382B0652A083891004AA6D2 /* BookScanner.app */,
				6382B07B2A083894004AA6D2 /* BookScannerTests.xctest */,
				6382B0852A083895004AA6D2 /* BookScannerUITests.xctest */,
			);
			name = Products;
			sourceTree = "<group>";
		};
		6382B0672A083891004AA6D2 /* BookScanner */ = {
			isa = PBXGroup;
			children = (
				6382B0682A083891004AA6D2 /* AppDelegate.swift */,
				6382B06A2A083891004AA6D2 /* SceneDelegate.swift */,
				6382B06C2A083891004AA6D2 /* ViewController.swift */,
				6382B06E2A083891004AA6D2 /* Main.storyboard */,
				6382B0712A083894004AA6D2 /* Assets.xcassets */,
				6382B0732A083894004AA6D2 /* LaunchScreen.storyboard */,
				6382B0762A083894004AA6D2 /* Info.plist */,
			);
			path = BookScanner;
			sourceTree = "<group>";
		};
		6382B07E2A083894004AA6D2 /* BookScannerTests */ = {
			isa = PBXGroup;
			children = (
				6382B07F2A083895004AA6D2 /* BookScannerTests.swift */,
			);
			path = BookScannerTests;
			sourceTree = "<group>";
		};
		6382B0882A083895004AA6D2 /* BookScannerUITests */ = {
			isa = PBXGroup;
			children = (
				6382B0892A083895004AA6D2 /* BookScannerUITests.swift */,
				6382B08B2A083895004AA6D2 /* BookScannerUITestsLaunchTests.swift */,
			);
			path = BookScannerUITests;
			sourceTree = "<group>";
		};
/* End PBXGroup section */

/* Begin PBXNativeTarget section */
		6382B0642A083891004AA6D2 /* BookScanner */ = {
			isa = PBXNativeTarget;
			buildConfigurationList = 6382B08F2A083895004AA6D2 /* Build configuration list for PBXNativeTarget "BookScanner" */;
			buildPhases = (
				6382B0612A083891004AA6D2 /* Sources */,
				6382B0622A083891004AA6D2 /* Frameworks */,
				6382B0632A083891004AA6D2 /* Resources */,
			);
			buildRules = (
			);
			dependencies = (
			);
			name = BookScanner;
			productName = BookScanner;
			productReference = 6382B0652A083891004AA6D2 /* BookScanner.app */;
			productType = "com.apple.product-type.application";
		};
		6382B07A2A083894004AA6D2 /* BookScannerTests */ = {
			isa = PBXNativeTarget;
			buildConfigurationList = 6382B0922A083895004AA6D2 /* Build configuration list for PBXNativeTarget "BookScannerTests" */;
			buildPhases = (
				6382B0772A083894004AA6D2 /* Sources */,
				6382B0782A083894004AA6D2 /* Frameworks */,
				6382B0792A083894004AA6D2 /* Resources */,
			);
			buildRules = (
			);
			dependencies = (
				6382B07D2A083894004AA6D2 /* PBXTargetDependency */,
			);
			name = BookScannerTests;
			productName = BookScannerTests;
			productReference = 6382B07B2A083894004AA6D2 /* BookScannerTests.xctest */;
			productType = "com.apple.product-type.bundle.unit-test";
		};
		6382B0842A083895004AA6D2 /* BookScannerUITests */ = {
			isa = PBXNativeTarget;
			buildConfigurationList = 6382B0952A083895004AA6D2 /* Build configuration list for PBXNativeTarget "BookScannerUITests" */;
			buildPhases = (
				6382B0812A083895004AA6D2 /* Sources */,
				6382B0822A083895004AA6D2 /* Frameworks */,
				6382B0832A083895004AA6D2 /* Resources */,
			);
			buildRules = (
			);
			dependencies = (
				6382B0872A083895004AA6D2 /* PBXTargetDependency */,
			);
			name = BookScannerUITests;
			productName = BookScannerUITests;
			productReference = 6382B0852A083895004AA6D2 /* BookScannerUITests.xctest */;
			productType = "com.apple.product-type.bundle.ui-testing";
		};
/* End PBXNativeTarget section */

/* Begin PBXProject section */
		6382B05D2A083891004AA6D2 /* Project object */ = {
			isa = PBXProject;
			attributes = {
				BuildIndependentTargetsInParallel = 1;
				LastSwiftUpdateCheck = 1420;
				LastUpgradeCheck = 1420;
				TargetAttributes = {
					6382B0642A083891004AA6D2 = {
						CreatedOnToolsVersion = 14.2;
					};
					6382B07A2A083894004AA6D2 = {
						CreatedOnToolsVersion = 14.2;
						TestTargetID = 6382B0642A083891004AA6D2;
					};
					6382B0842A083895004AA6D2 = {
						CreatedOnToolsVersion = 14.2;
						TestTargetID = 6382B0642A083891004AA6D2;
					};
				};
			};
			buildConfigurationList = 6382B0602A083891004AA6D2 /* Build configuration list for PBXProject "BookScanner" */;
			compatibilityVersion = "Xcode 14.0";
			developmentRegion = en;
			hasScannedForEncodings = 0;
			knownRegions = (
				en,
				Base,
			);
			mainGroup = 6382B05C2A083891004AA6D2;
			productRefGroup = 6382B0662A083891004AA6D2 /* Products */;
			projectDirPath = "";
			projectRoot = "";
			targets = (
				6382B0642A083891004AA6D2 /* BookScanner */,
				6382B07A2A083894004AA6D2 /* BookScannerTests */,
				6382B0842A083895004AA6D2 /* BookScannerUITests */,
			);
		};
/* End PBXProject section */

/* Begin PBXResourcesBuildPhase section */
		6382B0632A083891004AA6D2 /* Resources */ = {
			isa = PBXResourcesBuildPhase;
			buildActionMask = 2147483647;
			files = (
				6382B0752A083894004AA6D2 /* LaunchScreen.storyboard in Resources */,
				6382B0722A083894004AA6D2 /* Assets.xcassets in Resources */,
				6382B0702A083891004AA6D2 /* Main.storyboard in Resources */,
			);
			runOnlyForDeploymentPostprocessing = 0;
		};
		6382B0792A083894004AA6D2 /* Resources */ = {
			isa = PBXResourcesBuildPhase;
			buildActionMask = 2147483647;
			files = (
			);
			runOnlyForDeploymentPostprocessing = 0;
		};
		6382B0832A083895004AA6D2 /* Resources */ = {
			isa = PBXResourcesBuildPhase;
			buildActionMask = 2147483647;
			files = (
			);
			runOnlyForDeploymentPostprocessing = 0;
		};
/* End PBXResourcesBuildPhase section */

/* Begin PBXSourcesBuildPhase section */
		6382B0612A083891004AA6D2 /* Sources */ = {
			isa = PBXSourcesBuildPhase;
			buildActionMask = 2147483647;
			files = (
				6382B06D2A083891004AA6D2 /* ViewController.swift in Sources */,
				6382B0692A083891004AA6D2 /* AppDelegate.swift in Sources */,
				6382B06B2A083891004AA6D2 /* SceneDelegate.swift in Sources */,
			);
			runOnlyForDeploymentPostprocessing = 0;
		};
		6382B0772A083894004AA6D2 /* Sources */ = {
			isa = PBXSourcesBuildPhase;
			buildActionMask = 2147483647;
			files = (
				6382B0802A083895004AA6D2 /* BookScannerTests.swift in Sources */,
			);
			runOnlyForDeploymentPostprocessing = 0;
		};
		6382B0812A083895004AA6D2 /* Sources */ = {
			isa = PBXSourcesBuildPhase;
			buildActionMask = 2147483647;
			files = (
				6382B08C2A083895004AA6D2 /* BookScannerUITestsLaunchTests.swift in Sources */,
				6382B08A2A083895004AA6D2 /* BookScannerUITests.swift in Sources */,
			);
			runOnlyForDeploymentPostprocessing = 0;
		};
/* End PBXSourcesBuildPhase section */

/* Begin PBXTargetDependency section */
		6382B07D2A083894004AA6D2 /* PBXTargetDependency */ = {
			isa = PBXTargetDependency;
			target = 6382B0642A083891004AA6D2 /* BookScanner */;
			targetProxy = 6382B07C2A083894004AA6D2 /* PBXContainerItemProxy */;
		};
		6382B0872A083895004AA6D2 /* PBXTargetDependency */ = {
			isa = PBXTargetDependency;
			target = 6382B0642A083891004AA6D2 /* BookScanner */;
			targetProxy = 6382B0862A083895004AA6D2 /* PBXContainerItemProxy */;
		};
/* End PBXTargetDependency section */

/* Begin PBXVariantGroup section */
		6382B06E2A083891004AA6D2 /* Main.storyboard */ = {
			isa = PBXVariantGroup;
			children = (
				6382B06F2A083891004AA6D2 /* Base */,
			);
			name = Main.storyboard;
			sourceTree = "<group>";
		};
		6382B0732A083894004AA6D2 /* LaunchScreen.storyboard */ = {
			isa = PBXVariantGroup;
			children = (
				6382B0742A083894004AA6D2 /* Base */,
			);
			name = LaunchScreen.storyboard;
			sourceTree = "<group>";
		};
/* End PBXVariantGroup section */

/* Begin XCBuildConfiguration section */
		6382B08D2A083895004AA6D2 /* Debug */ = {
			isa = XCBuildConfiguration;
			buildSettings = {
				ALWAYS_SEARCH_USER_PATHS = NO;
				CLANG_ANALYZER_NONNULL = YES;
				CLANG_ANALYZER_NUMBER_OBJECT_CONVERSION = YES_AGGRESSIVE;
				CLANG_CXX_LANGUAGE_STANDARD = "gnu++20";
				CLANG_ENABLE_MODULES = YES;
				CLANG_ENABLE_OBJC_ARC = YES;
				CLANG_ENABLE_OBJC_WEAK = YES;
				CLANG_WARN_BLOCK_CAPTURE_AUTORELEASING = YES;
				CLANG_WARN_BOOL_CONVERSION = YES;
				CLANG_WARN_COMMA = YES;
				CLANG_WARN_CONSTANT_CONVERSION = YES;
				CLANG_WARN_DEPRECATED_OBJC_IMPLEMENTATIONS = YES;
				CLANG_WARN_DIRECT_OBJC_ISA_USAGE = YES_ERROR;
				CLANG_WARN_DOCUMENTATION_COMMENTS = YES;
				CLANG_WARN_EMPTY_BODY = YES;
				CLANG_WARN_ENUM_CONVERSION = YES;
				CLANG_WARN_INFINITE_RECURSION = YES;
				CLANG_WARN_INT_CONVERSION = YES;
				CLANG_WARN_NON_LITERAL_NULL_CONVERSION = YES;
				CLANG_WARN_OBJC_IMPLICIT_RETAIN_SELF = YES;
				CLANG_WARN_OBJC_LITERAL_CONVERSION = YES;
				CLANG_WARN_OBJC_ROOT_CLASS = YES_ERROR;
				CLANG_WARN_QUOTED_INCLUDE_IN_FRAMEWORK_HEADER = YES;
				CLANG_WARN_RANGE_LOOP_ANALYSIS = YES;
				CLANG_WARN_STRICT_PROTOTYPES = YES;
				CLANG_WARN_SUSPICIOUS_MOVE = YES;
				CLANG_WARN_UNGUARDED_AVAILABILITY = YES_AGGRESSIVE;
				CLANG_WARN_UNREACHABLE_CODE = YES;
				CLANG_WARN__DUPLICATE_METHOD_MATCH = YES;
				COPY_PHASE_STRIP = NO;
				DEBUG_INFORMATION_FORMAT = dwarf;
				ENABLE_STRICT_OBJC_MSGSEND = YES;
				ENABLE_TESTABILITY = YES;
				GCC_C_LANGUAGE_STANDARD = gnu11;
				GCC_DYNAMIC_NO_PIC = NO;
				GCC_NO_COMMON_BLOCKS = YES;
				GCC_OPTIMIZATION_LEVEL = 0;
				GCC_PREPROCESSOR_DEFINITIONS = (
					"DEBUG=1",
					"$(inherited)",
				);
				GCC_WARN_64_TO_32_BIT_CONVERSION = YES;
				GCC_WARN_ABOUT_RETURN_TYPE = YES_ERROR;
				GCC_WARN_UNDECLARED_SELECTOR = YES;
				GCC_WARN_UNINITIALIZED_AUTOS = YES_AGGRESSIVE;
				GCC_WARN_UNUSED_FUNCTION = YES;
				GCC_WARN_UNUSED_VARIABLE = YES;
				IPHONEOS_DEPLOYMENT_TARGET = 16.2;
				MTL_ENABLE_DEBUG_INFO = INCLUDE_SOURCE;
				MTL_FAST_MATH = YES;
				ONLY_ACTIVE_ARCH = YES;
				SDKROOT = iphoneos;
				SWIFT_ACTIVE_COMPILATION_CONDITIONS = DEBUG;
				SWIFT_OPTIMIZATION_LEVEL = "-Onone";
			};
			name = Debug;
		};
		6382B08E2A083895004AA6D2 /* Release */ = {
			isa = XCBuildConfiguration;
			buildSettings = {
				ALWAYS_SEARCH_USER_PATHS = NO;
				CLANG_ANALYZER_NONNULL = YES;
				CLANG_ANALYZER_NUMBER_OBJECT_CONVERSION = YES_AGGRESSIVE;
				CLANG_CXX_LANGUAGE_STANDARD = "gnu++20";
				CLANG_ENABLE_MODULES = YES;
				CLANG_ENABLE_OBJC_ARC = YES;
				CLANG_ENABLE_OBJC_WEAK = YES;
				CLANG_WARN_BLOCK_CAPTURE_AUTORELEASING = YES;
				CLANG_WARN_BOOL_CONVERSION = YES;
				CLANG_WARN_COMMA = YES;
				CLANG_WARN_CONSTANT_CONVERSION = YES;
				CLANG_WARN_DEPRECATED_OBJC_IMPLEMENTATIONS = YES;
				CLANG_WARN_DIRECT_OBJC_ISA_USAGE = YES_ERROR;
				CLANG_WARN_DOCUMENTATION_COMMENTS = YES;
				CLANG_WARN_EMPTY_BODY = YES;
				CLANG_WARN_ENUM_CONVERSION = YES;
				CLANG_WARN_INFINITE_RECURSION = YES;
				CLANG_WARN_INT_CONVERSION = YES;
				CLANG_WARN_NON_LITERAL_NULL_CONVERSION = YES;
				CLANG_WARN_OBJC_IMPLICIT_RETAIN_SELF = YES;
				CLANG_WARN_OBJC_LITERAL_CONVERSION = YES;
				CLANG_WARN_OBJC_ROOT_CLASS = YES_ERROR;
				CLANG_WARN_QUOTED_INCLUDE_IN_FRAMEWORK_HEADER = YES;
				CLANG_WARN_RANGE_LOOP_ANALYSIS = YES;
				CLANG_WARN_STRICT_PROTOTYPES = YES;
				CLANG_WARN_SUSPICIOUS_MOVE = YES;
				CLANG_WARN_UNGUARDED_AVAILABILITY = YES_AGGRESSIVE;
				CLANG_WARN_UNREACHABLE_CODE = YES;
				CLANG_WARN__DUPLICATE_METHOD_MATCH = YES;
				COPY_PHASE_STRIP = NO;
				DEBUG_INFORMATION_FORMAT = "dwarf-with-dsym";
				ENABLE_NS_ASSERTIONS = NO;
				ENABLE_STRICT_OBJC_MSGSEND = YES;
				GCC_C_LANGUAGE_STANDARD = gnu11;
				GCC_NO_COMMON_BLOCKS = YES;
				GCC_WARN_64_TO_32_BIT_CONVERSION = YES;
				GCC_WARN_ABOUT_RETURN_TYPE = YES_ERROR;
				GCC_WARN_UNDECLARED_SELECTOR = YES;
				GCC_WARN_UNINITIALIZED_AUTOS = YES_AGGRESSIVE;
				GCC_WARN_UNUSED_FUNCTION = YES;
				GCC_WARN_UNUSED_VARIABLE = YES;
				IPHONEOS_DEPLOYMENT_TARGET = 16.2;
				MTL_ENABLE_DEBUG_INFO = NO;
				MTL_FAST_MATH = YES;
				SDKROOT = iphoneos;
				SWIFT_COMPILATION_MODE = wholemodule;
				SWIFT_OPTIMIZATION_LEVEL = "-O";
				VALIDATE_PRODUCT = YES;
			};
			name = Release;
		};
		6382B0902A083895004AA6D2 /* Debug */ = {
			isa = XCBuildConfiguration;
			buildSettings = {
				ASSETCATALOG_COMPILER_APPICON_NAME = AppIcon;
				ASSETCATALOG_COMPILER_GLOBAL_ACCENT_COLOR_NAME = AccentColor;
				CODE_SIGN_STYLE = Automatic;
				CURRENT_PROJECT_VERSION = 1;
				DEVELOPMENT_TEAM = 7XGZ6RZ9AK;
				GENERATE_INFOPLIST_FILE = YES;
				INFOPLIST_FILE = BookScanner/Info.plist;
				INFOPLIST_KEY_UIApplicationSupportsIndirectInputEvents = YES;
				INFOPLIST_KEY_UILaunchStoryboardName = LaunchScreen;
				INFOPLIST_KEY_UIMainStoryboardFile = Main;
				INFOPLIST_KEY_UISupportedInterfaceOrientations_iPad = "UIInterfaceOrientationPortrait UIInterfaceOrientationPortraitUpsideDown UIInterfaceOrientationLandscapeLeft UIInterfaceOrientationLandscapeRight";
				INFOPLIST_KEY_UISupportedInterfaceOrientations_iPhone = "UIInterfaceOrientationPortrait UIInterfaceOrientationLandscapeLeft UIInterfaceOrientationLandscapeRight";
				LD_RUNPATH_SEARCH_PATHS = (
					"$(inherited)",
					"@executable_path/Frameworks",
				);
				MARKETING_VERSION = 1.0;
				PRODUCT_BUNDLE_IDENTIFIER = "com.david-riegel.BookScanner";
				PRODUCT_NAME = "$(TARGET_NAME)";
				SWIFT_EMIT_LOC_STRINGS = YES;
				SWIFT_VERSION = 5.0;
				TARGETED_DEVICE_FAMILY = "1,2";
			};
			name = Debug;
		};
		6382B0912A083895004AA6D2 /* Release */ = {
			isa = XCBuildConfiguration;
			buildSettings = {
				ASSETCATALOG_COMPILER_APPICON_NAME = AppIcon;
				ASSETCATALOG_COMPILER_GLOBAL_ACCENT_COLOR_NAME = AccentColor;
				CODE_SIGN_STYLE = Automatic;
				CURRENT_PROJECT_VERSION = 1;
				DEVELOPMENT_TEAM = 7XGZ6RZ9AK;
				GENERATE_INFOPLIST_FILE = YES;
				INFOPLIST_FILE = BookScanner/Info.plist;
				INFOPLIST_KEY_UIApplicationSupportsIndirectInputEvents = YES;
				INFOPLIST_KEY_UILaunchStoryboardName = LaunchScreen;
				INFOPLIST_KEY_UIMainStoryboardFile = Main;
				INFOPLIST_KEY_UISupportedInterfaceOrientations_iPad = "UIInterfaceOrientationPortrait UIInterfaceOrientationPortraitUpsideDown UIInterfaceOrientationLandscapeLeft UIInterfaceOrientationLandscapeRight";
				INFOPLIST_KEY_UISupportedInterfaceOrientations_iPhone = "UIInterfaceOrientationPortrait UIInterfaceOrientationLandscapeLeft UIInterfaceOrientationLandscapeRight";
				LD_RUNPATH_SEARCH_PATHS = (
					"$(inherited)",
					"@executable_path/Frameworks",
				);
				MARKETING_VERSION = 1.0;
				PRODUCT_BUNDLE_IDENTIFIER = "com.david-riegel.BookScanner";
				PRODUCT_NAME = "$(TARGET_NAME)";
				SWIFT_EMIT_LOC_STRINGS = YES;
				SWIFT_VERSION = 5.0;
				TARGETED_DEVICE_FAMILY = "1,2";
			};
			name = Release;
		};
		6382B0932A083895004AA6D2 /* Debug */ = {
			isa = XCBuildConfiguration;
			buildSettings = {
				ALWAYS_EMBED_SWIFT_STANDARD_LIBRARIES = YES;
				BUNDLE_LOADER = "$(TEST_HOST)";
				CODE_SIGN_STYLE = Automatic;
				CURRENT_PROJECT_VERSION = 1;
				DEVELOPMENT_TEAM = 7XGZ6RZ9AK;
				GENERATE_INFOPLIST_FILE = YES;
				IPHONEOS_DEPLOYMENT_TARGET = 16.2;
				MARKETING_VERSION = 1.0;
				PRODUCT_BUNDLE_IDENTIFIER = "com.david-riegel.BookScannerTests";
				PRODUCT_NAME = "$(TARGET_NAME)";
				SWIFT_EMIT_LOC_STRINGS = NO;
				SWIFT_VERSION = 5.0;
				TARGETED_DEVICE_FAMILY = "1,2";
				TEST_HOST = "$(BUILT_PRODUCTS_DIR)/BookScanner.app/$(BUNDLE_EXECUTABLE_FOLDER_PATH)/BookScanner";
			};
			name = Debug;
		};
		6382B0942A083895004AA6D2 /* Release */ = {
			isa = XCBuildConfiguration;
			buildSettings = {
				ALWAYS_EMBED_SWIFT_STANDARD_LIBRARIES = YES;
				BUNDLE_LOADER = "$(TEST_HOST)";
				CODE_SIGN_STYLE = Automatic;
				CURRENT_PROJECT_VERSION = 1;
				DEVELOPMENT_TEAM = 7XGZ6RZ9AK;
				GENERATE_INFOPLIST_FILE = YES;
				IPHONEOS_DEPLOYMENT_TARGET = 16.2;
				MARKETING_VERSION = 1.0;
				PRODUCT_BUNDLE_IDENTIFIER = "com.david-riegel.BookScannerTests";
				PRODUCT_NAME = "$(TARGET_NAME)";
				SWIFT_EMIT_LOC_STRINGS = NO;
				SWIFT_VERSION = 5.0;
				TARGETED_DEVICE_FAMILY = "1,2";
				TEST_HOST = "$(BUILT_PRODUCTS_DIR)/BookScanner.app/$(BUNDLE_EXECUTABLE_FOLDER_PATH)/BookScanner";
			};
			name = Release;
		};
		6382B0962A083895004AA6D2 /* Debug */ = {
			isa = XCBuildConfiguration;
			buildSettings = {
				ALWAYS_EMBED_SWIFT_STANDARD_LIBRARIES = YES;
				CODE_SIGN_STYLE = Automatic;
				CURRENT_PROJECT_VERSION = 1;
				DEVELOPMENT_TEAM = 7XGZ6RZ9AK;
				GENERATE_INFOPLIST_FILE = YES;
				MARKETING_VERSION = 1.0;
				PRODUCT_BUNDLE_IDENTIFIER = "com.david-riegel.BookScannerUITests";
				PRODUCT_NAME = "$(TARGET_NAME)";
				SWIFT_EMIT_LOC_STRINGS = NO;
				SWIFT_VERSION = 5.0;
				TARGETED_DEVICE_FAMILY = "1,2";
				TEST_TARGET_NAME = BookScanner;
			};
			name = Debug;
		};
		6382B0972A083895004AA6D2 /* Release */ = {
			isa = XCBuildConfiguration;
			buildSettings = {
				ALWAYS_EMBED_SWIFT_STANDARD_LIBRARIES = YES;
				CODE_SIGN_STYLE = Automatic;
				CURRENT_PROJECT_VERSION = 1;
				DEVELOPMENT_TEAM = 7XGZ6RZ9AK;
				GENERATE_INFOPLIST_FILE = YES;
				MARKETING_VERSION = 1.0;
				PRODUCT_BUNDLE_IDENTIFIER = "com.david-riegel.BookScannerUITests";
				PRODUCT_NAME = "$(TARGET_NAME)";
				SWIFT_EMIT_LOC_STRINGS = NO;
				SWIFT_VERSION = 5.0;
				TARGETED_DEVICE_FAMILY = "1,2";
				TEST_TARGET_NAME = BookScanner;
			};
			name = Release;
		};
/* End XCBuildConfiguration section */

/* Begin XCConfigurationList section */
		6382B0602A083891004AA6D2 /* Build configuration list for PBXProject "BookScanner" */ = {
			isa = XCConfigurationList;
			buildConfigurations = (
				6382B08D2A083895004AA6D2 /* Debug */,
				6382B08E2A083895004AA6D2 /* Release */,
			);
			defaultConfigurationIsVisible = 0;
			defaultConfigurationName = Release;
		};
		6382B08F2A083895004AA6D2 /* Build configuration list for PBXNativeTarget "BookScanner" */ = {
			isa = XCConfigurationList;
			buildConfigurations = (
				6382B0902A083895004AA6D2 /* Debug */,
				6382B0912A083895004AA6D2 /* Release */,
			);
			defaultConfigurationIsVisible = 0;
			defaultConfigurationName = Release;
		};
		6382B0922A083895004AA6D2 /* Build configuration list for PBXNativeTarget "BookScannerTests" */ = {
			isa = XCConfigurationList;
			buildConfigurations = (
				6382B0932A083895004AA6D2 /* Debug */,
				6382B0942A083895004AA6D2 /* Release */,
			);
			defaultConfigurationIsVisible = 0;
			defaultConfigurationName = Release;
		};
		6382B0952A083895004AA6D2 /* Build configuration list for PBXNativeTarget "BookScannerUITests" */ = {
			isa = XCConfigurationList;
			buildConfigurations = (
				6382B0962A083895004AA6D2 /* Debug */,
				6382B0972A083895004AA6D2 /* Release */,
			);
			defaultConfigurationIsVisible = 0;
			defaultConfigurationName = Release;
		};
/* End XCConfigurationList section */
	};
	rootObject = 6382B05D2A083891004AA6D2 /* Project object */;
}
